%{
  "conv_case": {:hex, :conv_case, "0.2.3", "c1455c27d3c1ffcdd5f17f1e91f40b8a0bc0a337805a6e8302f441af17118ed8", [:mix], [], "hexpm", "88f29a3d97d1742f9865f7e394ed3da011abb7c5e8cc104e676fdef6270d4b4a"},
  "escape": {:hex, :escape, "0.2.0", "346fced73c28087a42288e164df56ca5ee2966ce2a355b8c6a507a8dbe077353", [:mix], [], "hexpm", "a6fee4fd8c42c85379187edc4b6c69f027fed828ea14283b162bf0e124f6bc8e"},
}
